
Microsoft Visual Studio Solution File, Format Version 12.00
# Visual Studio 2012
Project("{FAE04EC0-301F-11D3-BF4B-00C04F79EFBC}") = "libsodium-net-ios", "libsodium-net-ios.csproj", "{9395C92A-907A-4832-B58F-D0DA5B6BA30B}"
EndProject
Global
	GlobalSection(SolutionConfigurationPlatforms) = preSolution
		Debug|Any CPU = Debug|Any CPU
		Release|Any CPU = Release|Any CPU
	EndGlobalSection
	GlobalSection(ProjectConfigurationPlatforms) = postSolution
		{9395C92A-907A-4832-B58F-D0DA5B6BA30B}.Debug|Any CPU.ActiveCfg = Debug|Any CPU
		{9395C92A-907A-4832-B58F-D0DA5B6BA30B}.Debug|Any CPU.Build.0 = Debug|Any CPU
		{9395C92A-907A-4832-B58F-D0DA5B6BA30B}.Release|Any CPU.ActiveCfg = Release|Any CPU
		{9395C92A-907A-4832-B58F-D0DA5B6BA30B}.Release|Any CPU.Build.0 = Release|Any CPU
	EndGlobalSection
EndGlobal
